<?xml version="1.0" encoding="utf-8"?>
<Project ToolsVersion="4.0" xmlns="http://schemas.microsoft.com/developer/msbuild/2003">
  <ItemGroup>
    <ClCompile Include="pch.cpp" />
    <ClCompile Include="AccountTest.cpp">
      <Filter>AccountTests</Filter>
    </ClCompile>
    <ClCompile Include="ClientTest.cpp">
      <Filter>ClientTests</Filter>
    </ClCompile>
    <ClCompile Include="ClientManagerTest.cpp">
      <Filter>ClientTests</Filter>
    </ClCompile>
    <ClCompile Include="GeneratorTest.cpp">
      <Filter>GeneratorTests</Filter>
    </ClCompile>
  </ItemGroup>
  <ItemGroup>
    <ClInclude Include="pch.h" />
  </ItemGroup>
  <ItemGroup>
    <None Include="packages.config" />
  </ItemGroup>
  <ItemGroup>
    <Filter Include="ClientTests">
      <UniqueIdentifier>{172db1de-2ad3-4582-b7e8-f91e29ba3a5e}</UniqueIdentifier>
    </Filter>
    <Filter Include="AccountTests">
      <UniqueIdentifier>{7e79dd6c-d7a2-4e3f-89d4-f0a619ec69d3}</UniqueIdentifier>
    </Filter>
    <Filter Include="GeneratorTests">
      <UniqueIdentifier>{9ec825b1-e087-4ac8-ad3f-54a447c01950}</UniqueIdentifier>
    </Filter>
    <Filter Include="CreditTests">
      <UniqueIdentifier>{ca9b9ef7-287e-452c-b670-a23b1d812440}</UniqueIdentifier>
    </Filter>
    <Filter Include="TransactionTests">
      <UniqueIdentifier>{fe49c0c4-c8aa-4978-8e34-15ca6806003d}</UniqueIdentifier>
    </Filter>
  </ItemGroup>
</Project>