<?xml version="1.0" encoding="utf-8"?>
<Project ToolsVersion="4.0" xmlns="http://schemas.microsoft.com/developer/msbuild/2003">
  <ItemGroup>
    <Filter Include="Source Files">
      <UniqueIdentifier>{4FC737F1-C7A5-4376-A066-2A32D752A2FF}</UniqueIdentifier>
      <Extensions>cpp;c;cc;cxx;c++;cppm;ixx;def;odl;idl;hpj;bat;asm;asmx</Extensions>
    </Filter>
    <Filter Include="Header Files">
      <UniqueIdentifier>{93995380-89BD-4b04-88EB-625FBE52EBFB}</UniqueIdentifier>
      <Extensions>h;hh;hpp;hxx;h++;hm;inl;inc;ipp;xsd</Extensions>
    </Filter>
    <Filter Include="Resource Files">
      <UniqueIdentifier>{67DA6AB6-F800-4c08-8B7A-83BB121AAD01}</UniqueIdentifier>
      <Extensions>rc;ico;cur;bmp;dlg;rc2;rct;bin;rgs;gif;jpg;jpeg;jpe;resx;tiff;tif;png;wav;mfcribbon-ms</Extensions>
    </Filter>
    <Filter Include="Header Files\Client">
      <UniqueIdentifier>{f83da99a-329f-4974-bc7d-36cec8e2b8f1}</UniqueIdentifier>
    </Filter>
    <Filter Include="Header Files\Account">
      <UniqueIdentifier>{e2b2e928-c7dd-48d2-bfd4-ed51ce0fbfd0}</UniqueIdentifier>
    </Filter>
    <Filter Include="Header Files\Transaction">
      <UniqueIdentifier>{59bd0399-b514-4362-a5e8-0428d66bfdcd}</UniqueIdentifier>
    </Filter>
    <Filter Include="Header Files\Database">
      <UniqueIdentifier>{45ab2ff1-8ded-4d9a-bb81-f7c83a53fed5}</UniqueIdentifier>
    </Filter>
    <Filter Include="Header Files\Credit">
      <UniqueIdentifier>{dfcab9a4-3bc7-4dbf-83dd-c17675c5bcaf}</UniqueIdentifier>
    </Filter>
    <Filter Include="Header Files\Policy">
      <UniqueIdentifier>{8abbddca-66d6-4a83-bdcd-2219e58509a7}</UniqueIdentifier>
    </Filter>
    <Filter Include="Header Files\Account\AccountExceptions">
      <UniqueIdentifier>{7c855683-17a9-415b-b5dd-d6e79c4ab4ba}</UniqueIdentifier>
    </Filter>
    <Filter Include="Header Files\Client\ClientException">
      <UniqueIdentifier>{46855795-f343-49f3-9b3b-ddb572f5c861}</UniqueIdentifier>
    </Filter>
  </ItemGroup>
  <ItemGroup>
    <ClInclude Include="framework.h">
      <Filter>Header Files</Filter>
    </ClInclude>
    <ClInclude Include="pch.h">
      <Filter>Header Files</Filter>
    </ClInclude>
    <ClInclude Include="IDatabase.h">
      <Filter>Header Files\Database</Filter>
    </ClInclude>
    <ClInclude Include="Account.h">
      <Filter>Header Files\Account</Filter>
    </ClInclude>
    <ClInclude Include="Client.h">
      <Filter>Header Files\Client</Filter>
    </ClInclude>
    <ClInclude Include="Credit.h">
      <Filter>Header Files\Credit</Filter>
    </ClInclude>
    <ClInclude Include="Transaction.h">
      <Filter>Header Files\Transaction</Filter>
    </ClInclude>
    <ClInclude Include="AccountType.h">
      <Filter>Header Files\Account</Filter>
    </ClInclude>
    <ClInclude Include="CurrencyType.h">
      <Filter>Header Files\Account</Filter>
    </ClInclude>
    <ClInclude Include="CreditType.h">
      <Filter>Header Files\Credit</Filter>
    </ClInclude>
    <ClInclude Include="Guarantor.h">
      <Filter>Header Files\Credit</Filter>
    </ClInclude>
    <ClInclude Include="BankPolicy.h">
      <Filter>Header Files\Policy</Filter>
    </ClInclude>
    <ClInclude Include="AccountBlocked.h">
      <Filter>Header Files\Account\AccountExceptions</Filter>
    </ClInclude>
    <ClInclude Include="ClientDataConstants.h">
      <Filter>Header Files\Client</Filter>
    </ClInclude>
    <ClInclude Include="EmptyInitialValues.h">
      <Filter>Header Files\Client\ClientException</Filter>
    </ClInclude>
    <ClInclude Include="InvalidValue.h">
      <Filter>Header Files\Client\ClientException</Filter>
    </ClInclude>
    <ClInclude Include="OverdraftDisabled.h">
      <Filter>Header Files\Account\AccountExceptions</Filter>
    </ClInclude>
    <ClInclude Include="OverdraftedMaxLimit.h">
      <Filter>Header Files\Account\AccountExceptions</Filter>
    </ClInclude>
    <ClInclude Include="MaxOverdraftNotSetted.h">
      <Filter>Header Files\Account\AccountExceptions</Filter>
    </ClInclude>
    <ClInclude Include="CurrencyConversion.h">
      <Filter>Header Files\Account</Filter>
    </ClInclude>
  </ItemGroup>
  <ItemGroup>
    <ClCompile Include="dllmain.cpp">
      <Filter>Source Files</Filter>
    </ClCompile>
    <ClCompile Include="pch.cpp">
      <Filter>Source Files</Filter>
    </ClCompile>
    <ClCompile Include="Account.cpp">
      <Filter>Source Files</Filter>
    </ClCompile>
    <ClCompile Include="Client.cpp">
      <Filter>Source Files</Filter>
    </ClCompile>
    <ClCompile Include="Credit.cpp">
      <Filter>Source Files</Filter>
    </ClCompile>
    <ClCompile Include="Transaction.cpp">
      <Filter>Source Files</Filter>
    </ClCompile>
    <ClCompile Include="Guarantor.cpp">
      <Filter>Source Files</Filter>
    </ClCompile>
  </ItemGroup>
</Project>